// !$*UTF8*$!
{
	archiveVersion = 1;
	classes = {
	};
	objectVersion = 50;
	objects = {

/* Begin PBXBuildFile section */
		1E44269823581B1E00088F99 /* AppDelegate.swift in Sources */ = {isa = PBXBuildFile; fileRef = 1E44269723581B1E00088F99 /* AppDelegate.swift */; };
		1E44269A23581B1E00088F99 /* SceneDelegate.swift in Sources */ = {isa = PBXBuildFile; fileRef = 1E44269923581B1E00088F99 /* SceneDelegate.swift */; };
		1E44269F23581B1E00088F99 /* Main.storyboard in Resources */ = {isa = PBXBuildFile; fileRef = 1E44269D23581B1E00088F99 /* Main.storyboard */; };
		1E4426A123581B1F00088F99 /* Assets.xcassets in Resources */ = {isa = PBXBuildFile; fileRef = 1E4426A023581B1F00088F99 /* Assets.xcassets */; };
		1E4426A423581B1F00088F99 /* LaunchScreen.storyboard in Resources */ = {isa = PBXBuildFile; fileRef = 1E4426A223581B1F00088F99 /* LaunchScreen.storyboard */; };
		1E4426AF23581B2000088F99 /* CVAppTests.swift in Sources */ = {isa = PBXBuildFile; fileRef = 1E4426AE23581B2000088F99 /* CVAppTests.swift */; };
		1E4426BA23581B2000088F99 /* CVAppUITests.swift in Sources */ = {isa = PBXBuildFile; fileRef = 1E4426B923581B2000088F99 /* CVAppUITests.swift */; };
		1E4426CC23583EB300088F99 /* cv_data.json in Resources */ = {isa = PBXBuildFile; fileRef = 1E4426CB23583EB300088F99 /* cv_data.json */; };
		1E4426D12358534100088F99 /* Reference.swift in Sources */ = {isa = PBXBuildFile; fileRef = 1E4426D02358534100088F99 /* Reference.swift */; };
		1E4426D32358554100088F99 /* test.json in Resources */ = {isa = PBXBuildFile; fileRef = 1E4426D22358554100088F99 /* test.json */; };
		1E4426D523595DC900088F99 /* Education.swift in Sources */ = {isa = PBXBuildFile; fileRef = 1E4426D423595DC900088F99 /* Education.swift */; };
		1E4426D723595E3F00088F99 /* Experience.swift in Sources */ = {isa = PBXBuildFile; fileRef = 1E4426D623595E3F00088F99 /* Experience.swift */; };
		1E4426D923595EC800088F99 /* cv.swift in Sources */ = {isa = PBXBuildFile; fileRef = 1E4426D823595EC800088F99 /* cv.swift */; };
		1E4426DB23596A8700088F99 /* MainViewController.swift in Sources */ = {isa = PBXBuildFile; fileRef = 1E4426DA23596A8700088F99 /* MainViewController.swift */; };
		1E4426DD235986DA00088F99 /* CVDataParser.swift in Sources */ = {isa = PBXBuildFile; fileRef = 1E4426DC235986DA00088F99 /* CVDataParser.swift */; };
		1E4426DF2359882300088F99 /* MainViewModel.swift in Sources */ = {isa = PBXBuildFile; fileRef = 1E4426DE2359882300088F99 /* MainViewModel.swift */; };
/* End PBXBuildFile section */

/* Begin PBXContainerItemProxy section */
		1E4426AB23581B2000088F99 /* PBXContainerItemProxy */ = {
			isa = PBXContainerItemProxy;
			containerPortal = 1E44268C23581B1E00088F99 /* Project object */;
			proxyType = 1;
			remoteGlobalIDString = 1E44269323581B1E00088F99;
			remoteInfo = CVApp;
		};
		1E4426B623581B2000088F99 /* PBXContainerItemProxy */ = {
			isa = PBXContainerItemProxy;
			containerPortal = 1E44268C23581B1E00088F99 /* Project object */;
			proxyType = 1;
			remoteGlobalIDString = 1E44269323581B1E00088F99;
			remoteInfo = CVApp;
		};
/* End PBXContainerItemProxy section */

/* Begin PBXFileReference section */
		1E44269423581B1E00088F99 /* CVApp.app */ = {isa = PBXFileReference; explicitFileType = wrapper.application; includeInIndex = 0; path = CVApp.app; sourceTree = BUILT_PRODUCTS_DIR; };
		1E44269723581B1E00088F99 /* AppDelegate.swift */ = {isa = PBXFileReference; lastKnownFileType = sourcecode.swift; path = AppDelegate.swift; sourceTree = "<group>"; };
		1E44269923581B1E00088F99 /* SceneDelegate.swift */ = {isa = PBXFileReference; lastKnownFileType = sourcecode.swift; path = SceneDelegate.swift; sourceTree = "<group>"; };
		1E44269E23581B1E00088F99 /* Base */ = {isa = PBXFileReference; lastKnownFileType = file.storyboard; name = Base; path = Base.lproj/Main.storyboard; sourceTree = "<group>"; };
		1E4426A023581B1F00088F99 /* Assets.xcassets */ = {isa = PBXFileReference; lastKnownFileType = folder.assetcatalog; path = Assets.xcassets; sourceTree = "<group>"; };
		1E4426A323581B1F00088F99 /* Base */ = {isa = PBXFileReference; lastKnownFileType = file.storyboard; name = Base; path = Base.lproj/LaunchScreen.storyboard; sourceTree = "<group>"; };
		1E4426A523581B1F00088F99 /* Info.plist */ = {isa = PBXFileReference; lastKnownFileType = text.plist.xml; path = Info.plist; sourceTree = "<group>"; };
		1E4426AA23581B2000088F99 /* CVAppTests.xctest */ = {isa = PBXFileReference; explicitFileType = wrapper.cfbundle; includeInIndex = 0; path = CVAppTests.xctest; sourceTree = BUILT_PRODUCTS_DIR; };
		1E4426AE23581B2000088F99 /* CVAppTests.swift */ = {isa = PBXFileReference; lastKnownFileType = sourcecode.swift; path = CVAppTests.swift; sourceTree = "<group>"; };
		1E4426B023581B2000088F99 /* Info.plist */ = {isa = PBXFileReference; lastKnownFileType = text.plist.xml; path = Info.plist; sourceTree = "<group>"; };
		1E4426B523581B2000088F99 /* CVAppUITests.xctest */ = {isa = PBXFileReference; explicitFileType = wrapper.cfbundle; includeInIndex = 0; path = CVAppUITests.xctest; sourceTree = BUILT_PRODUCTS_DIR; };
		1E4426B923581B2000088F99 /* CVAppUITests.swift */ = {isa = PBXFileReference; lastKnownFileType = sourcecode.swift; path = CVAppUITests.swift; sourceTree = "<group>"; };
		1E4426BB23581B2000088F99 /* Info.plist */ = {isa = PBXFileReference; lastKnownFileType = text.plist.xml; path = Info.plist; sourceTree = "<group>"; };
		1E4426CB23583EB300088F99 /* cv_data.json */ = {isa = PBXFileReference; lastKnownFileType = text.json; path = cv_data.json; sourceTree = "<group>"; };
		1E4426D02358534100088F99 /* Reference.swift */ = {isa = PBXFileReference; lastKnownFileType = sourcecode.swift; path = Reference.swift; sourceTree = "<group>"; };
		1E4426D22358554100088F99 /* test.json */ = {isa = PBXFileReference; lastKnownFileType = text.json; path = test.json; sourceTree = "<group>"; };
		1E4426D423595DC900088F99 /* Education.swift */ = {isa = PBXFileReference; lastKnownFileType = sourcecode.swift; path = Education.swift; sourceTree = "<group>"; };
		1E4426D623595E3F00088F99 /* Experience.swift */ = {isa = PBXFileReference; lastKnownFileType = sourcecode.swift; path = Experience.swift; sourceTree = "<group>"; };
		1E4426D823595EC800088F99 /* cv.swift */ = {isa = PBXFileReference; lastKnownFileType = sourcecode.swift; path = cv.swift; sourceTree = "<group>"; };
		1E4426DA23596A8700088F99 /* MainViewController.swift */ = {isa = PBXFileReference; lastKnownFileType = sourcecode.swift; path = MainViewController.swift; sourceTree = "<group>"; };
		1E4426DC235986DA00088F99 /* CVDataParser.swift */ = {isa = PBXFileReference; lastKnownFileType = sourcecode.swift; path = CVDataParser.swift; sourceTree = "<group>"; };
		1E4426DE2359882300088F99 /* MainViewModel.swift */ = {isa = PBXFileReference; lastKnownFileType = sourcecode.swift; path = MainViewModel.swift; sourceTree = "<group>"; };
/* End PBXFileReference section */

/* Begin PBXFrameworksBuildPhase section */
		1E44269123581B1E00088F99 /* Frameworks */ = {
			isa = PBXFrameworksBuildPhase;
			buildActionMask = 2147483647;
			files = (
			);
			runOnlyForDeploymentPostprocessing = 0;
		};
		1E4426A723581B2000088F99 /* Frameworks */ = {
			isa = PBXFrameworksBuildPhase;
			buildActionMask = 2147483647;
			files = (
			);
			runOnlyForDeploymentPostprocessing = 0;
		};
		1E4426B223581B2000088F99 /* Frameworks */ = {
			isa = PBXFrameworksBuildPhase;
			buildActionMask = 2147483647;
			files = (
			);
			runOnlyForDeploymentPostprocessing = 0;
		};
/* End PBXFrameworksBuildPhase section */

/* Begin PBXGroup section */
		1E44268B23581B1E00088F99 = {
			isa = PBXGroup;
			children = (
				1E44269623581B1E00088F99 /* CVApp */,
				1E4426AD23581B2000088F99 /* CVAppTests */,
				1E4426B823581B2000088F99 /* CVAppUITests */,
				1E44269523581B1E00088F99 /* Products */,
			);
			sourceTree = "<group>";
		};
		1E44269523581B1E00088F99 /* Products */ = {
			isa = PBXGroup;
			children = (
				1E44269423581B1E00088F99 /* CVApp.app */,
				1E4426AA23581B2000088F99 /* CVAppTests.xctest */,
				1E4426B523581B2000088F99 /* CVAppUITests.xctest */,
			);
			name = Products;
			sourceTree = "<group>";
		};
		1E44269623581B1E00088F99 /* CVApp */ = {
			isa = PBXGroup;
			children = (
				1E4426C823583B5700088F99 /* Model */,
				1E4426C723583B4D00088F99 /* View */,
				1E4426C923583B6800088F99 /* ViewModel */,
				1E4426CA23583B7500088F99 /* ViewController */,
				1E4426CD23584A6F00088F99 /* Services */,
				1E4426E023598DBA00088F99 /* Constants */,
				1E44269723581B1E00088F99 /* AppDelegate.swift */,
				1E44269923581B1E00088F99 /* SceneDelegate.swift */,
				1E4426A023581B1F00088F99 /* Assets.xcassets */,
				1E4426A223581B1F00088F99 /* LaunchScreen.storyboard */,
				1E4426A523581B1F00088F99 /* Info.plist */,
				1E4426CB23583EB300088F99 /* cv_data.json */,
				1E4426D22358554100088F99 /* test.json */,
			);
			path = CVApp;
			sourceTree = "<group>";
		};
		1E4426AD23581B2000088F99 /* CVAppTests */ = {
			isa = PBXGroup;
			children = (
				1E4426AE23581B2000088F99 /* CVAppTests.swift */,
				1E4426B023581B2000088F99 /* Info.plist */,
			);
			path = CVAppTests;
			sourceTree = "<group>";
		};
		1E4426B823581B2000088F99 /* CVAppUITests */ = {
			isa = PBXGroup;
			children = (
				1E4426B923581B2000088F99 /* CVAppUITests.swift */,
				1E4426BB23581B2000088F99 /* Info.plist */,
			);
			path = CVAppUITests;
			sourceTree = "<group>";
		};
		1E4426C723583B4D00088F99 /* View */ = {
			isa = PBXGroup;
			children = (
				1E44269D23581B1E00088F99 /* Main.storyboard */,
			);
			path = View;
			sourceTree = "<group>";
		};
		1E4426C823583B5700088F99 /* Model */ = {
			isa = PBXGroup;
			children = (
				1E4426D02358534100088F99 /* Reference.swift */,
				1E4426D423595DC900088F99 /* Education.swift */,
				1E4426D623595E3F00088F99 /* Experience.swift */,
				1E4426D823595EC800088F99 /* cv.swift */,
			);
			path = Model;
			sourceTree = "<group>";
		};
		1E4426C923583B6800088F99 /* ViewModel */ = {
			isa = PBXGroup;
			children = (
				1E4426DE2359882300088F99 /* MainViewModel.swift */,
			);
			path = ViewModel;
			sourceTree = "<group>";
		};
		1E4426CA23583B7500088F99 /* ViewController */ = {
			isa = PBXGroup;
			children = (
				1E4426DA23596A8700088F99 /* MainViewController.swift */,
			);
			path = ViewController;
			sourceTree = "<group>";
		};
		1E4426CD23584A6F00088F99 /* Services */ = {
			isa = PBXGroup;
			children = (
				1E4426DC235986DA00088F99 /* CVDataParser.swift */,
			);
			path = Services;
			sourceTree = "<group>";
		};
		1E4426E023598DBA00088F99 /* Constants */ = {
			isa = PBXGroup;
			children = (
			);
			path = Constants;
			sourceTree = "<group>";
		};
/* End PBXGroup section */

/* Begin PBXNativeTarget section */
		1E44269323581B1E00088F99 /* CVApp */ = {
			isa = PBXNativeTarget;
			buildConfigurationList = 1E4426BE23581B2000088F99 /* Build configuration list for PBXNativeTarget "CVApp" */;
			buildPhases = (
				1E44269023581B1E00088F99 /* Sources */,
				1E44269123581B1E00088F99 /* Frameworks */,
				1E44269223581B1E00088F99 /* Resources */,
			);
			buildRules = (
			);
			dependencies = (
			);
			name = CVApp;
			productName = CVApp;
			productReference = 1E44269423581B1E00088F99 /* CVApp.app */;
			productType = "com.apple.product-type.application";
		};
		1E4426A923581B2000088F99 /* CVAppTests */ = {
			isa = PBXNativeTarget;
			buildConfigurationList = 1E4426C123581B2000088F99 /* Build configuration list for PBXNativeTarget "CVAppTests" */;
			buildPhases = (
				1E4426A623581B2000088F99 /* Sources */,
				1E4426A723581B2000088F99 /* Frameworks */,
				1E4426A823581B2000088F99 /* Resources */,
			);
			buildRules = (
			);
			dependencies = (
				1E4426AC23581B2000088F99 /* PBXTargetDependency */,
			);
			name = CVAppTests;
			productName = CVAppTests;
			productReference = 1E4426AA23581B2000088F99 /* CVAppTests.xctest */;
			productType = "com.apple.product-type.bundle.unit-test";
		};
		1E4426B423581B2000088F99 /* CVAppUITests */ = {
			isa = PBXNativeTarget;
			buildConfigurationList = 1E4426C423581B2000088F99 /* Build configuration list for PBXNativeTarget "CVAppUITests" */;
			buildPhases = (
				1E4426B123581B2000088F99 /* Sources */,
				1E4426B223581B2000088F99 /* Frameworks */,
				1E4426B323581B2000088F99 /* Resources */,
			);
			buildRules = (
			);
			dependencies = (
				1E4426B723581B2000088F99 /* PBXTargetDependency */,
			);
			name = CVAppUITests;
			productName = CVAppUITests;
			productReference = 1E4426B523581B2000088F99 /* CVAppUITests.xctest */;
			productType = "com.apple.product-type.bundle.ui-testing";
		};
/* End PBXNativeTarget section */

/* Begin PBXProject section */
		1E44268C23581B1E00088F99 /* Project object */ = {
			isa = PBXProject;
			attributes = {
				LastSwiftUpdateCheck = 1110;
				LastUpgradeCheck = 1110;
				ORGANIZATIONNAME = cybermash;
				TargetAttributes = {
					1E44269323581B1E00088F99 = {
						CreatedOnToolsVersion = 11.1;
					};
					1E4426A923581B2000088F99 = {
						CreatedOnToolsVersion = 11.1;
						TestTargetID = 1E44269323581B1E00088F99;
					};
					1E4426B423581B2000088F99 = {
						CreatedOnToolsVersion = 11.1;
						TestTargetID = 1E44269323581B1E00088F99;
					};
				};
			};
			buildConfigurationList = 1E44268F23581B1E00088F99 /* Build configuration list for PBXProject "CVApp" */;
			compatibilityVersion = "Xcode 9.3";
			developmentRegion = en;
			hasScannedForEncodings = 0;
			knownRegions = (
				en,
				Base,
			);
			mainGroup = 1E44268B23581B1E00088F99;
			productRefGroup = 1E44269523581B1E00088F99 /* Products */;
			projectDirPath = "";
			projectRoot = "";
			targets = (
				1E44269323581B1E00088F99 /* CVApp */,
				1E4426A923581B2000088F99 /* CVAppTests */,
				1E4426B423581B2000088F99 /* CVAppUITests */,
			);
		};
/* End PBXProject section */

/* Begin PBXResourcesBuildPhase section */
		1E44269223581B1E00088F99 /* Resources */ = {
			isa = PBXResourcesBuildPhase;
			buildActionMask = 2147483647;
			files = (
				1E4426A423581B1F00088F99 /* LaunchScreen.storyboard in Resources */,
				1E4426A123581B1F00088F99 /* Assets.xcassets in Resources */,
				1E4426D32358554100088F99 /* test.json in Resources */,
				1E4426CC23583EB300088F99 /* cv_data.json in Resources */,
				1E44269F23581B1E00088F99 /* Main.storyboard in Resources */,
			);
			runOnlyForDeploymentPostprocessing = 0;
		};
		1E4426A823581B2000088F99 /* Resources */ = {
			isa = PBXResourcesBuildPhase;
			buildActionMask = 2147483647;
			files = (
			);
			runOnlyForDeploymentPostprocessing = 0;
		};
		1E4426B323581B2000088F99 /* Resources */ = {
			isa = PBXResourcesBuildPhase;
			buildActionMask = 2147483647;
			files = (
			);
			runOnlyForDeploymentPostprocessing = 0;
		};
/* End PBXResourcesBuildPhase section */

/* Begin PBXSourcesBuildPhase section */
		1E44269023581B1E00088F99 /* Sources */ = {
			isa = PBXSourcesBuildPhase;
			buildActionMask = 2147483647;
			files = (
				1E4426D12358534100088F99 /* Reference.swift in Sources */,
				1E4426D523595DC900088F99 /* Education.swift in Sources */,
				1E4426D723595E3F00088F99 /* Experience.swift in Sources */,
				1E44269823581B1E00088F99 /* AppDelegate.swift in Sources */,
				1E4426D923595EC800088F99 /* cv.swift in Sources */,
				1E4426DD235986DA00088F99 /* CVDataParser.swift in Sources */,
				1E44269A23581B1E00088F99 /* SceneDelegate.swift in Sources */,
				1E4426DB23596A8700088F99 /* MainViewController.swift in Sources */,
				1E4426DF2359882300088F99 /* MainViewModel.swift in Sources */,
			);
			runOnlyForDeploymentPostprocessing = 0;
		};
		1E4426A623581B2000088F99 /* Sources */ = {
			isa = PBXSourcesBuildPhase;
			buildActionMask = 2147483647;
			files = (
				1E4426AF23581B2000088F99 /* CVAppTests.swift in Sources */,
			);
			runOnlyForDeploymentPostprocessing = 0;
		};
		1E4426B123581B2000088F99 /* Sources */ = {
			isa = PBXSourcesBuildPhase;
			buildActionMask = 2147483647;
			files = (
				1E4426BA23581B2000088F99 /* CVAppUITests.swift in Sources */,
			);
			runOnlyForDeploymentPostprocessing = 0;
		};
/* End PBXSourcesBuildPhase section */

/* Begin PBXTargetDependency section */
		1E4426AC23581B2000088F99 /* PBXTargetDependency */ = {
			isa = PBXTargetDependency;
			target = 1E44269323581B1E00088F99 /* CVApp */;
			targetProxy = 1E4426AB23581B2000088F99 /* PBXContainerItemProxy */;
		};
		1E4426B723581B2000088F99 /* PBXTargetDependency */ = {
			isa = PBXTargetDependency;
			target = 1E44269323581B1E00088F99 /* CVApp */;
			targetProxy = 1E4426B623581B2000088F99 /* PBXContainerItemProxy */;
		};
/* End PBXTargetDependency section */

/* Begin PBXVariantGroup section */
		1E44269D23581B1E00088F99 /* Main.storyboard */ = {
			isa = PBXVariantGroup;
			children = (
				1E44269E23581B1E00088F99 /* Base */,
			);
			name = Main.storyboard;
			sourceTree = "<group>";
		};
		1E4426A223581B1F00088F99 /* LaunchScreen.storyboard */ = {
			isa = PBXVariantGroup;
			children = (
				1E4426A323581B1F00088F99 /* Base */,
			);
			name = LaunchScreen.storyboard;
			sourceTree = "<group>";
		};
/* End PBXVariantGroup section */

/* Begin XCBuildConfiguration section */
		1E4426BC23581B2000088F99 /* Debug */ = {
			isa = XCBuildConfiguration;
			buildSettings = {
				ALWAYS_SEARCH_USER_PATHS = NO;
				CLANG_ANALYZER_NONNULL = YES;
				CLANG_ANALYZER_NUMBER_OBJECT_CONVERSION = YES_AGGRESSIVE;
				CLANG_CXX_LANGUAGE_STANDARD = "gnu++14";
				CLANG_CXX_LIBRARY = "libc++";
				CLANG_ENABLE_MODULES = YES;
				CLANG_ENABLE_OBJC_ARC = YES;
				CLANG_ENABLE_OBJC_WEAK = YES;
				CLANG_WARN_BLOCK_CAPTURE_AUTORELEASING = YES;
				CLANG_WARN_BOOL_CONVERSION = YES;
				CLANG_WARN_COMMA = YES;
				CLANG_WARN_CONSTANT_CONVERSION = YES;
				CLANG_WARN_DEPRECATED_OBJC_IMPLEMENTATIONS = YES;
				CLANG_WARN_DIRECT_OBJC_ISA_USAGE = YES_ERROR;
				CLANG_WARN_DOCUMENTATION_COMMENTS = YES;
				CLANG_WARN_EMPTY_BODY = YES;
				CLANG_WARN_ENUM_CONVERSION = YES;
				CLANG_WARN_INFINITE_RECURSION = YES;
				CLANG_WARN_INT_CONVERSION = YES;
				CLANG_WARN_NON_LITERAL_NULL_CONVERSION = YES;
				CLANG_WARN_OBJC_IMPLICIT_RETAIN_SELF = YES;
				CLANG_WARN_OBJC_LITERAL_CONVERSION = YES;
				CLANG_WARN_OBJC_ROOT_CLASS = YES_ERROR;
				CLANG_WARN_RANGE_LOOP_ANALYSIS = YES;
				CLANG_WARN_STRICT_PROTOTYPES = YES;
				CLANG_WARN_SUSPICIOUS_MOVE = YES;
				CLANG_WARN_UNGUARDED_AVAILABILITY = YES_AGGRESSIVE;
				CLANG_WARN_UNREACHABLE_CODE = YES;
				CLANG_WARN__DUPLICATE_METHOD_MATCH = YES;
				COPY_PHASE_STRIP = NO;
				DEBUG_INFORMATION_FORMAT = dwarf;
				ENABLE_STRICT_OBJC_MSGSEND = YES;
				ENABLE_TESTABILITY = YES;
				GCC_C_LANGUAGE_STANDARD = gnu11;
				GCC_DYNAMIC_NO_PIC = NO;
				GCC_NO_COMMON_BLOCKS = YES;
				GCC_OPTIMIZATION_LEVEL = 0;
				GCC_PREPROCESSOR_DEFINITIONS = (
					"DEBUG=1",
					"$(inherited)",
				);
				GCC_WARN_64_TO_32_BIT_CONVERSION = YES;
				GCC_WARN_ABOUT_RETURN_TYPE = YES_ERROR;
				GCC_WARN_UNDECLARED_SELECTOR = YES;
				GCC_WARN_UNINITIALIZED_AUTOS = YES_AGGRESSIVE;
				GCC_WARN_UNUSED_FUNCTION = YES;
				GCC_WARN_UNUSED_VARIABLE = YES;
				IPHONEOS_DEPLOYMENT_TARGET = 13.1;
				MTL_ENABLE_DEBUG_INFO = INCLUDE_SOURCE;
				MTL_FAST_MATH = YES;
				ONLY_ACTIVE_ARCH = YES;
				SDKROOT = iphoneos;
				SWIFT_ACTIVE_COMPILATION_CONDITIONS = DEBUG;
				SWIFT_OPTIMIZATION_LEVEL = "-Onone";
			};
			name = Debug;
		};
		1E4426BD23581B2000088F99 /* Release */ = {
			isa = XCBuildConfiguration;
			buildSettings = {
				ALWAYS_SEARCH_USER_PATHS = NO;
				CLANG_ANALYZER_NONNULL = YES;
				CLANG_ANALYZER_NUMBER_OBJECT_CONVERSION = YES_AGGRESSIVE;
				CLANG_CXX_LANGUAGE_STANDARD = "gnu++14";
				CLANG_CXX_LIBRARY = "libc++";
				CLANG_ENABLE_MODULES = YES;
				CLANG_ENABLE_OBJC_ARC = YES;
				CLANG_ENABLE_OBJC_WEAK = YES;
				CLANG_WARN_BLOCK_CAPTURE_AUTORELEASING = YES;
				CLANG_WARN_BOOL_CONVERSION = YES;
				CLANG_WARN_COMMA = YES;
				CLANG_WARN_CONSTANT_CONVERSION = YES;
				CLANG_WARN_DEPRECATED_OBJC_IMPLEMENTATIONS = YES;
				CLANG_WARN_DIRECT_OBJC_ISA_USAGE = YES_ERROR;
				CLANG_WARN_DOCUMENTATION_COMMENTS = YES;
				CLANG_WARN_EMPTY_BODY = YES;
				CLANG_WARN_ENUM_CONVERSION = YES;
				CLANG_WARN_INFINITE_RECURSION = YES;
				CLANG_WARN_INT_CONVERSION = YES;
				CLANG_WARN_NON_LITERAL_NULL_CONVERSION = YES;
				CLANG_WARN_OBJC_IMPLICIT_RETAIN_SELF = YES;
				CLANG_WARN_OBJC_LITERAL_CONVERSION = YES;
				CLANG_WARN_OBJC_ROOT_CLASS = YES_ERROR;
				CLANG_WARN_RANGE_LOOP_ANALYSIS = YES;
				CLANG_WARN_STRICT_PROTOTYPES = YES;
				CLANG_WARN_SUSPICIOUS_MOVE = YES;
				CLANG_WARN_UNGUARDED_AVAILABILITY = YES_AGGRESSIVE;
				CLANG_WARN_UNREACHABLE_CODE = YES;
				CLANG_WARN__DUPLICATE_METHOD_MATCH = YES;
				COPY_PHASE_STRIP = NO;
				DEBUG_INFORMATION_FORMAT = "dwarf-with-dsym";
				ENABLE_NS_ASSERTIONS = NO;
				ENABLE_STRICT_OBJC_MSGSEND = YES;
				GCC_C_LANGUAGE_STANDARD = gnu11;
				GCC_NO_COMMON_BLOCKS = YES;
				GCC_WARN_64_TO_32_BIT_CONVERSION = YES;
				GCC_WARN_ABOUT_RETURN_TYPE = YES_ERROR;
				GCC_WARN_UNDECLARED_SELECTOR = YES;
				GCC_WARN_UNINITIALIZED_AUTOS = YES_AGGRESSIVE;
				GCC_WARN_UNUSED_FUNCTION = YES;
				GCC_WARN_UNUSED_VARIABLE = YES;
				IPHONEOS_DEPLOYMENT_TARGET = 13.1;
				MTL_ENABLE_DEBUG_INFO = NO;
				MTL_FAST_MATH = YES;
				SDKROOT = iphoneos;
				SWIFT_COMPILATION_MODE = wholemodule;
				SWIFT_OPTIMIZATION_LEVEL = "-O";
				VALIDATE_PRODUCT = YES;
			};
			name = Release;
		};
		1E4426BF23581B2000088F99 /* Debug */ = {
			isa = XCBuildConfiguration;
			buildSettings = {
				ASSETCATALOG_COMPILER_APPICON_NAME = AppIcon;
				CODE_SIGN_STYLE = Automatic;
				DEVELOPMENT_TEAM = D35XBC528F;
				INFOPLIST_FILE = CVApp/Info.plist;
				LD_RUNPATH_SEARCH_PATHS = (
					"$(inherited)",
					"@executable_path/Frameworks",
				);
				PRODUCT_BUNDLE_IDENTIFIER = com.cybermash.CVApp;
				PRODUCT_NAME = "$(TARGET_NAME)";
				SWIFT_VERSION = 4.2;
				TARGETED_DEVICE_FAMILY = "1,2";
			};
			name = Debug;
		};
		1E4426C023581B2000088F99 /* Release */ = {
			isa = XCBuildConfiguration;
			buildSettings = {
				ASSETCATALOG_COMPILER_APPICON_NAME = AppIcon;
				CODE_SIGN_STYLE = Automatic;
				DEVELOPMENT_TEAM = D35XBC528F;
				INFOPLIST_FILE = CVApp/Info.plist;
				LD_RUNPATH_SEARCH_PATHS = (
					"$(inherited)",
					"@executable_path/Frameworks",
				);
				PRODUCT_BUNDLE_IDENTIFIER = com.cybermash.CVApp;
				PRODUCT_NAME = "$(TARGET_NAME)";
				SWIFT_VERSION = 4.2;
				TARGETED_DEVICE_FAMILY = "1,2";
			};
			name = Release;
		};
		1E4426C223581B2000088F99 /* Debug */ = {
			isa = XCBuildConfiguration;
			buildSettings = {
				ALWAYS_EMBED_SWIFT_STANDARD_LIBRARIES = YES;
				BUNDLE_LOADER = "$(TEST_HOST)";
				CODE_SIGN_STYLE = Automatic;
				DEVELOPMENT_TEAM = D35XBC528F;
				INFOPLIST_FILE = CVAppTests/Info.plist;
				IPHONEOS_DEPLOYMENT_TARGET = 13.1;
				LD_RUNPATH_SEARCH_PATHS = (
					"$(inherited)",
					"@executable_path/Frameworks",
					"@loader_path/Frameworks",
				);
				PRODUCT_BUNDLE_IDENTIFIER = com.cybermash.CVAppTests;
				PRODUCT_NAME = "$(TARGET_NAME)";
				SWIFT_VERSION = 5.0;
				TARGETED_DEVICE_FAMILY = "1,2";
				TEST_HOST = "$(BUILT_PRODUCTS_DIR)/CVApp.app/CVApp";
			};
			name = Debug;
		};
		1E4426C323581B2000088F99 /* Release */ = {
			isa = XCBuildConfiguration;
			buildSettings = {
				ALWAYS_EMBED_SWIFT_STANDARD_LIBRARIES = YES;
				BUNDLE_LOADER = "$(TEST_HOST)";
				CODE_SIGN_STYLE = Automatic;
				DEVELOPMENT_TEAM = D35XBC528F;
				INFOPLIST_FILE = CVAppTests/Info.plist;
				IPHONEOS_DEPLOYMENT_TARGET = 13.1;
				LD_RUNPATH_SEARCH_PATHS = (
					"$(inherited)",
					"@executable_path/Frameworks",
					"@loader_path/Frameworks",
				);
				PRODUCT_BUNDLE_IDENTIFIER = com.cybermash.CVAppTests;
				PRODUCT_NAME = "$(TARGET_NAME)";
				SWIFT_VERSION = 5.0;
				TARGETED_DEVICE_FAMILY = "1,2";
				TEST_HOST = "$(BUILT_PRODUCTS_DIR)/CVApp.app/CVApp";
			};
			name = Release;
		};
		1E4426C523581B2000088F99 /* Debug */ = {
			isa = XCBuildConfiguration;
			buildSettings = {
				ALWAYS_EMBED_SWIFT_STANDARD_LIBRARIES = YES;
				CODE_SIGN_STYLE = Automatic;
				DEVELOPMENT_TEAM = D35XBC528F;
				INFOPLIST_FILE = CVAppUITests/Info.plist;
				LD_RUNPATH_SEARCH_PATHS = (
					"$(inherited)",
					"@executable_path/Frameworks",
					"@loader_path/Frameworks",
				);
				PRODUCT_BUNDLE_IDENTIFIER = com.cybermash.CVAppUITests;
				PRODUCT_NAME = "$(TARGET_NAME)";
				SWIFT_VERSION = 5.0;
				TARGETED_DEVICE_FAMILY = "1,2";
				TEST_TARGET_NAME = CVApp;
			};
			name = Debug;
		};
		1E4426C623581B2000088F99 /* Release */ = {
			isa = XCBuildConfiguration;
			buildSettings = {
				ALWAYS_EMBED_SWIFT_STANDARD_LIBRARIES = YES;
				CODE_SIGN_STYLE = Automatic;
				DEVELOPMENT_TEAM = D35XBC528F;
				INFOPLIST_FILE = CVAppUITests/Info.plist;
				LD_RUNPATH_SEARCH_PATHS = (
					"$(inherited)",
					"@executable_path/Frameworks",
					"@loader_path/Frameworks",
				);
				PRODUCT_BUNDLE_IDENTIFIER = com.cybermash.CVAppUITests;
				PRODUCT_NAME = "$(TARGET_NAME)";
				SWIFT_VERSION = 5.0;
				TARGETED_DEVICE_FAMILY = "1,2";
				TEST_TARGET_NAME = CVApp;
			};
			name = Release;
		};
/* End XCBuildConfiguration section */

/* Begin XCConfigurationList section */
		1E44268F23581B1E00088F99 /* Build configuration list for PBXProject "CVApp" */ = {
			isa = XCConfigurationList;
			buildConfigurations = (
				1E4426BC23581B2000088F99 /* Debug */,
				1E4426BD23581B2000088F99 /* Release */,
			);
			defaultConfigurationIsVisible = 0;
			defaultConfigurationName = Release;
		};
		1E4426BE23581B2000088F99 /* Build configuration list for PBXNativeTarget "CVApp" */ = {
			isa = XCConfigurationList;
			buildConfigurations = (
				1E4426BF23581B2000088F99 /* Debug */,
				1E4426C023581B2000088F99 /* Release */,
			);
			defaultConfigurationIsVisible = 0;
			defaultConfigurationName = Release;
		};
		1E4426C123581B2000088F99 /* Build configuration list for PBXNativeTarget "CVAppTests" */ = {
			isa = XCConfigurationList;
			buildConfigurations = (
				1E4426C223581B2000088F99 /* Debug */,
				1E4426C323581B2000088F99 /* Release */,
			);
			defaultConfigurationIsVisible = 0;
			defaultConfigurationName = Release;
		};
		1E4426C423581B2000088F99 /* Build configuration list for PBXNativeTarget "CVAppUITests" */ = {
			isa = XCConfigurationList;
			buildConfigurations = (
				1E4426C523581B2000088F99 /* Debug */,
				1E4426C623581B2000088F99 /* Release */,
			);
			defaultConfigurationIsVisible = 0;
			defaultConfigurationName = Release;
		};
/* End XCConfigurationList section */
	};
	rootObject = 1E44268C23581B1E00088F99 /* Project object */;
}
